// !$*UTF8*$!
{
	archiveVersion = 1;
	classes = {
	};
	objectVersion = 48;
	objects = {

/* Begin PBXBuildFile section */
		31AF4EF62081EF9E00D5A913 /* AppDelegate.swift in Sources */ = {isa = PBXBuildFile; fileRef = 31AF4EF52081EF9E00D5A913 /* AppDelegate.swift */; };
		31AF4EF82081EF9E00D5A913 /* ViewController.swift in Sources */ = {isa = PBXBuildFile; fileRef = 31AF4EF72081EF9E00D5A913 /* ViewController.swift */; };
		31AF4EFB2081EF9E00D5A913 /* Main.storyboard in Resources */ = {isa = PBXBuildFile; fileRef = 31AF4EF92081EF9E00D5A913 /* Main.storyboard */; };
		31AF4EFD2081EF9E00D5A913 /* Assets.xcassets in Resources */ = {isa = PBXBuildFile; fileRef = 31AF4EFC2081EF9E00D5A913 /* Assets.xcassets */; };
		31AF4F002081EF9E00D5A913 /* LaunchScreen.storyboard in Resources */ = {isa = PBXBuildFile; fileRef = 31AF4EFE2081EF9E00D5A913 /* LaunchScreen.storyboard */; };
		55B77F500151A2F65906755B /* Pods_LTMorphingLabel_Sample.framework in Frameworks */ = {isa = PBXBuildFile; fileRef = 5C17AAA8A4BAB37EF69ABA1B /* Pods_LTMorphingLabel_Sample.framework */; };
/* End PBXBuildFile section */

/* Begin PBXFileReference section */
		12E02607B039F824454F211D /* Pods-LTMorphingLabel Sample.release.xcconfig */ = {isa = PBXFileReference; includeInIndex = 1; lastKnownFileType = text.xcconfig; name = "Pods-LTMorphingLabel Sample.release.xcconfig"; path = "Pods/Target Support Files/Pods-LTMorphingLabel Sample/Pods-LTMorphingLabel Sample.release.xcconfig"; sourceTree = "<group>"; };
		31AF4EF22081EF9E00D5A913 /* LTMorphingLabel Sample.app */ = {isa = PBXFileReference; explicitFileType = wrapper.application; includeInIndex = 0; path = "LTMorphingLabel Sample.app"; sourceTree = BUILT_PRODUCTS_DIR; };
		31AF4EF52081EF9E00D5A913 /* AppDelegate.swift */ = {isa = PBXFileReference; lastKnownFileType = sourcecode.swift; path = AppDelegate.swift; sourceTree = "<group>"; };
		31AF4EF72081EF9E00D5A913 /* ViewController.swift */ = {isa = PBXFileReference; lastKnownFileType = sourcecode.swift; path = ViewController.swift; sourceTree = "<group>"; };
		31AF4EFA2081EF9E00D5A913 /* Base */ = {isa = PBXFileReference; lastKnownFileType = file.storyboard; name = Base; path = Base.lproj/Main.storyboard; sourceTree = "<group>"; };
		31AF4EFC2081EF9E00D5A913 /* Assets.xcassets */ = {isa = PBXFileReference; lastKnownFileType = folder.assetcatalog; path = Assets.xcassets; sourceTree = "<group>"; };
		31AF4EFF2081EF9E00D5A913 /* Base */ = {isa = PBXFileReference; lastKnownFileType = file.storyboard; name = Base; path = Base.lproj/LaunchScreen.storyboard; sourceTree = "<group>"; };
		31AF4F012081EF9E00D5A913 /* Info.plist */ = {isa = PBXFileReference; lastKnownFileType = text.plist.xml; path = Info.plist; sourceTree = "<group>"; };
		5C17AAA8A4BAB37EF69ABA1B /* Pods_LTMorphingLabel_Sample.framework */ = {isa = PBXFileReference; explicitFileType = wrapper.framework; includeInIndex = 0; path = Pods_LTMorphingLabel_Sample.framework; sourceTree = BUILT_PRODUCTS_DIR; };
		BA73664C47022C6CF8E598D0 /* Pods-LTMorphingLabel Sample.debug.xcconfig */ = {isa = PBXFileReference; includeInIndex = 1; lastKnownFileType = text.xcconfig; name = "Pods-LTMorphingLabel Sample.debug.xcconfig"; path = "Pods/Target Support Files/Pods-LTMorphingLabel Sample/Pods-LTMorphingLabel Sample.debug.xcconfig"; sourceTree = "<group>"; };
/* End PBXFileReference section */

/* Begin PBXFrameworksBuildPhase section */
		31AF4EEF2081EF9E00D5A913 /* Frameworks */ = {
			isa = PBXFrameworksBuildPhase;
			buildActionMask = 2147483647;
			files = (
				55B77F500151A2F65906755B /* Pods_LTMorphingLabel_Sample.framework in Frameworks */,
			);
			runOnlyForDeploymentPostprocessing = 0;
		};
/* End PBXFrameworksBuildPhase section */

/* Begin PBXGroup section */
		0987209504F8AC18D30B99B5 /* Frameworks */ = {
			isa = PBXGroup;
			children = (
				5C17AAA8A4BAB37EF69ABA1B /* Pods_LTMorphingLabel_Sample.framework */,
			);
			name = Frameworks;
			sourceTree = "<group>";
		};
		31AF4EE92081EF9E00D5A913 = {
			isa = PBXGroup;
			children = (
				31AF4EF42081EF9E00D5A913 /* LTMorphingLabel Sample */,
				31AF4EF32081EF9E00D5A913 /* Products */,
				EEF47CBBDC27EB57952AB3EB /* Pods */,
				0987209504F8AC18D30B99B5 /* Frameworks */,
			);
			sourceTree = "<group>";
		};
		31AF4EF32081EF9E00D5A913 /* Products */ = {
			isa = PBXGroup;
			children = (
				31AF4EF22081EF9E00D5A913 /* LTMorphingLabel Sample.app */,
			);
			name = Products;
			sourceTree = "<group>";
		};
		31AF4EF42081EF9E00D5A913 /* LTMorphingLabel Sample */ = {
			isa = PBXGroup;
			children = (
				31AF4EF52081EF9E00D5A913 /* AppDelegate.swift */,
				31AF4EF72081EF9E00D5A913 /* ViewController.swift */,
				31AF4EF92081EF9E00D5A913 /* Main.storyboard */,
				31AF4EFC2081EF9E00D5A913 /* Assets.xcassets */,
				31AF4EFE2081EF9E00D5A913 /* LaunchScreen.storyboard */,
				31AF4F012081EF9E00D5A913 /* Info.plist */,
			);
			path = "LTMorphingLabel Sample";
			sourceTree = "<group>";
		};
		EEF47CBBDC27EB57952AB3EB /* Pods */ = {
			isa = PBXGroup;
			children = (
				BA73664C47022C6CF8E598D0 /* Pods-LTMorphingLabel Sample.debug.xcconfig */,
				12E02607B039F824454F211D /* Pods-LTMorphingLabel Sample.release.xcconfig */,
			);
			name = Pods;
			sourceTree = "<group>";
		};
/* End PBXGroup section */

/* Begin PBXNativeTarget section */
		31AF4EF12081EF9E00D5A913 /* LTMorphingLabel Sample */ = {
			isa = PBXNativeTarget;
			buildConfigurationList = 31AF4F042081EF9E00D5A913 /* Build configuration list for PBXNativeTarget "LTMorphingLabel Sample" */;
			buildPhases = (
				FE875FC0D6D2D9340931073B /* [CP] Check Pods Manifest.lock */,
				31AF4EEE2081EF9E00D5A913 /* Sources */,
				31AF4EEF2081EF9E00D5A913 /* Frameworks */,
				31AF4EF02081EF9E00D5A913 /* Resources */,
				F8830A68B010150EF9CCFBDC /* [CP] Embed Pods Frameworks */,
				0AE7E20E3E097EE4D819F933 /* [CP] Copy Pods Resources */,
			);
			buildRules = (
			);
			dependencies = (
			);
			name = "LTMorphingLabel Sample";
			productName = "LTMorphingLabel Sample";
			productReference = 31AF4EF22081EF9E00D5A913 /* LTMorphingLabel Sample.app */;
			productType = "com.apple.product-type.application";
		};
/* End PBXNativeTarget section */

/* Begin PBXProject section */
		31AF4EEA2081EF9E00D5A913 /* Project object */ = {
			isa = PBXProject;
			attributes = {
				LastSwiftUpdateCheck = 0920;
				LastUpgradeCheck = 0920;
				ORGANIZATIONNAME = LikeLake;
				TargetAttributes = {
					31AF4EF12081EF9E00D5A913 = {
						CreatedOnToolsVersion = 9.2;
						ProvisioningStyle = Automatic;
					};
				};
			};
			buildConfigurationList = 31AF4EED2081EF9E00D5A913 /* Build configuration list for PBXProject "LTMorphingLabel Sample" */;
			compatibilityVersion = "Xcode 8.0";
			developmentRegion = en;
			hasScannedForEncodings = 0;
			knownRegions = (
				en,
				Base,
			);
			mainGroup = 31AF4EE92081EF9E00D5A913;
			productRefGroup = 31AF4EF32081EF9E00D5A913 /* Products */;
			projectDirPath = "";
			projectRoot = "";
			targets = (
				31AF4EF12081EF9E00D5A913 /* LTMorphingLabel Sample */,
			);
		};
/* End PBXProject section */

/* Begin PBXResourcesBuildPhase section */
		31AF4EF02081EF9E00D5A913 /* Resources */ = {
			isa = PBXResourcesBuildPhase;
			buildActionMask = 2147483647;
			files = (
				31AF4F002081EF9E00D5A913 /* LaunchScreen.storyboard in Resources */,
				31AF4EFD2081EF9E00D5A913 /* Assets.xcassets in Resources */,
				31AF4EFB2081EF9E00D5A913 /* Main.storyboard in Resources */,
			);
			runOnlyForDeploymentPostprocessing = 0;
		};
/* End PBXResourcesBuildPhase section */

/* Begin PBXShellScriptBuildPhase section */
		0AE7E20E3E097EE4D819F933 /* [CP] Copy Pods Resources */ = {
			isa = PBXShellScriptBuildPhase;
			buildActionMask = 2147483647;
			files = (
			);
			inputPaths = (
			);
			name = "[CP] Copy Pods Resources";
			outputPaths = (
			);
			runOnlyForDeploymentPostprocessing = 0;
			shellPath = /bin/sh;
			shellScript = "\"${SRCROOT}/Pods/Target Support Files/Pods-LTMorphingLabel Sample/Pods-LTMorphingLabel Sample-resources.sh\"\n";
			showEnvVarsInLog = 0;
		};
		F8830A68B010150EF9CCFBDC /* [CP] Embed Pods Frameworks */ = {
			isa = PBXShellScriptBuildPhase;
			buildActionMask = 2147483647;
			files = (
			);
			inputPaths = (
				"${SRCROOT}/Pods/Target Support Files/Pods-LTMorphingLabel Sample/Pods-LTMorphingLabel Sample-frameworks.sh",
				"${BUILT_PRODUCTS_DIR}/LTMorphingLabel/LTMorphingLabel.framework",
			);
			name = "[CP] Embed Pods Frameworks";
			outputPaths = (
				"${TARGET_BUILD_DIR}/${FRAMEWORKS_FOLDER_PATH}/LTMorphingLabel.framework",
			);
			runOnlyForDeploymentPostprocessing = 0;
			shellPath = /bin/sh;
			shellScript = "\"${SRCROOT}/Pods/Target Support Files/Pods-LTMorphingLabel Sample/Pods-LTMorphingLabel Sample-frameworks.sh\"\n";
			showEnvVarsInLog = 0;
		};
		FE875FC0D6D2D9340931073B /* [CP] Check Pods Manifest.lock */ = {
			isa = PBXShellScriptBuildPhase;
			buildActionMask = 2147483647;
			files = (
			);
			inputPaths = (
				"${PODS_PODFILE_DIR_PATH}/Podfile.lock",
				"${PODS_ROOT}/Manifest.lock",
			);
			name = "[CP] Check Pods Manifest.lock";
			outputPaths = (
				"$(DERIVED_FILE_DIR)/Pods-LTMorphingLabel Sample-checkManifestLockResult.txt",
			);
			runOnlyForDeploymentPostprocessing = 0;
			shellPath = /bin/sh;
			shellScript = "diff \"${PODS_PODFILE_DIR_PATH}/Podfile.lock\" \"${PODS_ROOT}/Manifest.lock\" > /dev/null\nif [ $? != 0 ] ; then\n    # print error to STDERR\n    echo \"error: The sandbox is not in sync with the Podfile.lock. Run 'pod install' or update your CocoaPods installation.\" >&2\n    exit 1\nfi\n# This output is used by Xcode 'outputs' to avoid re-running this script phase.\necho \"SUCCESS\" > \"${SCRIPT_OUTPUT_FILE_0}\"\n";
			showEnvVarsInLog = 0;
		};
/* End PBXShellScriptBuildPhase section */

/* Begin PBXSourcesBuildPhase section */
		31AF4EEE2081EF9E00D5A913 /* Sources */ = {
			isa = PBXSourcesBuildPhase;
			buildActionMask = 2147483647;
			files = (
				31AF4EF82081EF9E00D5A913 /* ViewController.swift in Sources */,
				31AF4EF62081EF9E00D5A913 /* AppDelegate.swift in Sources */,
			);
			runOnlyForDeploymentPostprocessing = 0;
		};
/* End PBXSourcesBuildPhase section */

/* Begin PBXVariantGroup section */
		31AF4EF92081EF9E00D5A913 /* Main.storyboard */ = {
			isa = PBXVariantGroup;
			children = (
				31AF4EFA2081EF9E00D5A913 /* Base */,
			);
			name = Main.storyboard;
			sourceTree = "<group>";
		};
		31AF4EFE2081EF9E00D5A913 /* LaunchScreen.storyboard */ = {
			isa = PBXVariantGroup;
			children = (
				31AF4EFF2081EF9E00D5A913 /* Base */,
			);
			name = LaunchScreen.storyboard;
			sourceTree = "<group>";
		};
/* End PBXVariantGroup section */

/* Begin XCBuildConfiguration section */
		31AF4F022081EF9E00D5A913 /* Debug */ = {
			isa = XCBuildConfiguration;
			buildSettings = {
				ALWAYS_SEARCH_USER_PATHS = NO;
				CLANG_ANALYZER_NONNULL = YES;
				CLANG_ANALYZER_NUMBER_OBJECT_CONVERSION = YES_AGGRESSIVE;
				CLANG_CXX_LANGUAGE_STANDARD = "gnu++14";
				CLANG_CXX_LIBRARY = "libc++";
				CLANG_ENABLE_MODULES = YES;
				CLANG_ENABLE_OBJC_ARC = YES;
				CLANG_WARN_BLOCK_CAPTURE_AUTORELEASING = YES;
				CLANG_WARN_BOOL_CONVERSION = YES;
				CLANG_WARN_COMMA = YES;
				CLANG_WARN_CONSTANT_CONVERSION = YES;
				CLANG_WARN_DIRECT_OBJC_ISA_USAGE = YES_ERROR;
				CLANG_WARN_DOCUMENTATION_COMMENTS = YES;
				CLANG_WARN_EMPTY_BODY = YES;
				CLANG_WARN_ENUM_CONVERSION = YES;
				CLANG_WARN_INFINITE_RECURSION = YES;
				CLANG_WARN_INT_CONVERSION = YES;
				CLANG_WARN_NON_LITERAL_NULL_CONVERSION = YES;
				CLANG_WARN_OBJC_LITERAL_CONVERSION = YES;
				CLANG_WARN_OBJC_ROOT_CLASS = YES_ERROR;
				CLANG_WARN_RANGE_LOOP_ANALYSIS = YES;
				CLANG_WARN_STRICT_PROTOTYPES = YES;
				CLANG_WARN_SUSPICIOUS_MOVE = YES;
				CLANG_WARN_UNGUARDED_AVAILABILITY = YES_AGGRESSIVE;
				CLANG_WARN_UNREACHABLE_CODE = YES;
				CLANG_WARN__DUPLICATE_METHOD_MATCH = YES;
				CODE_SIGN_IDENTITY = "iPhone Developer";
				COPY_PHASE_STRIP = NO;
				DEBUG_INFORMATION_FORMAT = dwarf;
				ENABLE_STRICT_OBJC_MSGSEND = YES;
				ENABLE_TESTABILITY = YES;
				GCC_C_LANGUAGE_STANDARD = gnu11;
				GCC_DYNAMIC_NO_PIC = NO;
				GCC_NO_COMMON_BLOCKS = YES;
				GCC_OPTIMIZATION_LEVEL = 0;
				GCC_PREPROCESSOR_DEFINITIONS = (
					"DEBUG=1",
					"$(inherited)",
				);
				GCC_WARN_64_TO_32_BIT_CONVERSION = YES;
				GCC_WARN_ABOUT_RETURN_TYPE = YES_ERROR;
				GCC_WARN_UNDECLARED_SELECTOR = YES;
				GCC_WARN_UNINITIALIZED_AUTOS = YES_AGGRESSIVE;
				GCC_WARN_UNUSED_FUNCTION = YES;
				GCC_WARN_UNUSED_VARIABLE = YES;
				IPHONEOS_DEPLOYMENT_TARGET = 11.2;
				MTL_ENABLE_DEBUG_INFO = YES;
				ONLY_ACTIVE_ARCH = YES;
				SDKROOT = iphoneos;
				SWIFT_ACTIVE_COMPILATION_CONDITIONS = DEBUG;
				SWIFT_OPTIMIZATION_LEVEL = "-Onone";
			};
			name = Debug;
		};
		31AF4F032081EF9E00D5A913 /* Release */ = {
			isa = XCBuildConfiguration;
			buildSettings = {
				ALWAYS_SEARCH_USER_PATHS = NO;
				CLANG_ANALYZER_NONNULL = YES;
				CLANG_ANALYZER_NUMBER_OBJECT_CONVERSION = YES_AGGRESSIVE;
				CLANG_CXX_LANGUAGE_STANDARD = "gnu++14";
				CLANG_CXX_LIBRARY = "libc++";
				CLANG_ENABLE_MODULES = YES;
				CLANG_ENABLE_OBJC_ARC = YES;
				CLANG_WARN_BLOCK_CAPTURE_AUTORELEASING = YES;
				CLANG_WARN_BOOL_CONVERSION = YES;
				CLANG_WARN_COMMA = YES;
				CLANG_WARN_CONSTANT_CONVERSION = YES;
				CLANG_WARN_DIRECT_OBJC_ISA_USAGE = YES_ERROR;
				CLANG_WARN_DOCUMENTATION_COMMENTS = YES;
				CLANG_WARN_EMPTY_BODY = YES;
				CLANG_WARN_ENUM_CONVERSION = YES;
				CLANG_WARN_INFINITE_RECURSION = YES;
				CLANG_WARN_INT_CONVERSION = YES;
				CLANG_WARN_NON_LITERAL_NULL_CONVERSION = YES;
				CLANG_WARN_OBJC_LITERAL_CONVERSION = YES;
				CLANG_WARN_OBJC_ROOT_CLASS = YES_ERROR;
				CLANG_WARN_RANGE_LOOP_ANALYSIS = YES;
				CLANG_WARN_STRICT_PROTOTYPES = YES;
				CLANG_WARN_SUSPICIOUS_MOVE = YES;
				CLANG_WARN_UNGUARDED_AVAILABILITY = YES_AGGRESSIVE;
				CLANG_WARN_UNREACHABLE_CODE = YES;
				CLANG_WARN__DUPLICATE_METHOD_MATCH = YES;
				CODE_SIGN_IDENTITY = "iPhone Developer";
				COPY_PHASE_STRIP = NO;
				DEBUG_INFORMATION_FORMAT = "dwarf-with-dsym";
				ENABLE_NS_ASSERTIONS = NO;
				ENABLE_STRICT_OBJC_MSGSEND = YES;
				GCC_C_LANGUAGE_STANDARD = gnu11;
				GCC_NO_COMMON_BLOCKS = YES;
				GCC_WARN_64_TO_32_BIT_CONVERSION = YES;
				GCC_WARN_ABOUT_RETURN_TYPE = YES_ERROR;
				GCC_WARN_UNDECLARED_SELECTOR = YES;
				GCC_WARN_UNINITIALIZED_AUTOS = YES_AGGRESSIVE;
				GCC_WARN_UNUSED_FUNCTION = YES;
				GCC_WARN_UNUSED_VARIABLE = YES;
				IPHONEOS_DEPLOYMENT_TARGET = 11.2;
				MTL_ENABLE_DEBUG_INFO = NO;
				SDKROOT = iphoneos;
				SWIFT_OPTIMIZATION_LEVEL = "-Owholemodule";
				VALIDATE_PRODUCT = YES;
			};
			name = Release;
		};
		31AF4F052081EF9E00D5A913 /* Debug */ = {
			isa = XCBuildConfiguration;
			baseConfigurationReference = BA73664C47022C6CF8E598D0 /* Pods-LTMorphingLabel Sample.debug.xcconfig */;
			buildSettings = {
				ASSETCATALOG_COMPILER_APPICON_NAME = AppIcon;
				CODE_SIGN_STYLE = Automatic;
				DEVELOPMENT_TEAM = 585768327D;
				INFOPLIST_FILE = "LTMorphingLabel Sample/Info.plist";
				LD_RUNPATH_SEARCH_PATHS = "$(inherited) @executable_path/Frameworks";
				PRODUCT_BUNDLE_IDENTIFIER = "com.like-lake.LTMorphingLabel-Sample";
				PRODUCT_NAME = "$(TARGET_NAME)";
				SWIFT_VERSION = 4.0;
				TARGETED_DEVICE_FAMILY = "1,2";
			};
			name = Debug;
		};
		31AF4F062081EF9E00D5A913 /* Release */ = {
			isa = XCBuildConfiguration;
			baseConfigurationReference = 12E02607B039F824454F211D /* Pods-LTMorphingLabel Sample.release.xcconfig */;
			buildSettings = {
				ASSETCATALOG_COMPILER_APPICON_NAME = AppIcon;
				CODE_SIGN_STYLE = Automatic;
				DEVELOPMENT_TEAM = 585768327D;
				INFOPLIST_FILE = "LTMorphingLabel Sample/Info.plist";
				LD_RUNPATH_SEARCH_PATHS = "$(inherited) @executable_path/Frameworks";
				PRODUCT_BUNDLE_IDENTIFIER = "com.like-lake.LTMorphingLabel-Sample";
				PRODUCT_NAME = "$(TARGET_NAME)";
				SWIFT_VERSION = 4.0;
				TARGETED_DEVICE_FAMILY = "1,2";
			};
			name = Release;
		};
/* End XCBuildConfiguration section */

/* Begin XCConfigurationList section */
		31AF4EED2081EF9E00D5A913 /* Build configuration list for PBXProject "LTMorphingLabel Sample" */ = {
			isa = XCConfigurationList;
			buildConfigurations = (
				31AF4F022081EF9E00D5A913 /* Debug */,
				31AF4F032081EF9E00D5A913 /* Release */,
			);
			defaultConfigurationIsVisible = 0;
			defaultConfigurationName = Release;
		};
		31AF4F042081EF9E00D5A913 /* Build configuration list for PBXNativeTarget "LTMorphingLabel Sample" */ = {
			isa = XCConfigurationList;
			buildConfigurations = (
				31AF4F052081EF9E00D5A913 /* Debug */,
				31AF4F062081EF9E00D5A913 /* Release */,
			);
			defaultConfigurationIsVisible = 0;
			defaultConfigurationName = Release;
		};
/* End XCConfigurationList section */
	};
	rootObject = 31AF4EEA2081EF9E00D5A913 /* Project object */;
}
